{
  "name": "clstyles",
  "version": "1.0.5",
  "lockfileVersion": 3,
  "requires": true,
  "packages": {
    "": {
      "name": "clstyles",
      "version": "1.0.5",
      "hasInstallScript": true,
      "license": "MIT"
    },
    "node_modules/clcolors": {
      "version": "1.0.2",
      "resolved": "https://registry.npmjs.org/clcolors/-/clcolors-1.0.2.tgz",
      "integrity": "sha512-Eedzj34LHS+dXwC9cPWCRbuhTkaRuAc/qoSVVQLmXIvtEGYB4BosXp2S6khgRFnQtlpLZNudJD0AP+lY01Nawg=="
    }
  }
}
